
Microsoft Visual Studio Solution File, Format Version 12.00
# Visual Studio Version 16
VisualStudioVersion = 16.0.29326.143
MinimumVisualStudioVersion = 10.0.40219.1
Project("{2150E333-8FDC-42A3-9474-1A3956D46DE8}") = "Examples", "Examples", "{B669A725-70A9-4E80-BAC7-9765A14CAAA4}"
EndProject
Project("{9A19103F-16F7-4668-BE54-9A1E7A4F7556}") = "Quartzmin", "src\Quartzmin\Quartzmin.csproj", "{D7BBB236-B0D3-4CB8-86C8-C7E925BBBE38}"
EndProject
Project("{9A19103F-16F7-4668-BE54-9A1E7A4F7556}") = "Quartz.Plugins.RecentHistory", "src\Quartz.Plugins.RecentHistory\Quartz.Plugins.RecentHistory.csproj", "{4CEFA319-5052-4B65-B1B8-647CCFFF2A1C}"
EndProject
Project("{9A19103F-16F7-4668-BE54-9A1E7A4F7556}") = "AspNetCore31", "sample\AspNetCore31\AspNetCore31.csproj", "{98365304-B53D-4A09-91BB-A709BC330511}"
EndProject
Global
	GlobalSection(SolutionConfigurationPlatforms) = preSolution
		Debug|Any CPU = Debug|Any CPU
		Release|Any CPU = Release|Any CPU
	EndGlobalSection
	GlobalSection(ProjectConfigurationPlatforms) = postSolution
		{D7BBB236-B0D3-4CB8-86C8-C7E925BBBE38}.Debug|Any CPU.ActiveCfg = Debug|Any CPU
		{D7BBB236-B0D3-4CB8-86C8-C7E925BBBE38}.Debug|Any CPU.Build.0 = Debug|Any CPU
		{D7BBB236-B0D3-4CB8-86C8-C7E925BBBE38}.Release|Any CPU.ActiveCfg = Release|Any CPU
		{D7BBB236-B0D3-4CB8-86C8-C7E925BBBE38}.Release|Any CPU.Build.0 = Release|Any CPU
		{4CEFA319-5052-4B65-B1B8-647CCFFF2A1C}.Debug|Any CPU.ActiveCfg = Debug|Any CPU
		{4CEFA319-5052-4B65-B1B8-647CCFFF2A1C}.Debug|Any CPU.Build.0 = Debug|Any CPU
		{4CEFA319-5052-4B65-B1B8-647CCFFF2A1C}.Release|Any CPU.ActiveCfg = Release|Any CPU
		{4CEFA319-5052-4B65-B1B8-647CCFFF2A1C}.Release|Any CPU.Build.0 = Release|Any CPU
		{98365304-B53D-4A09-91BB-A709BC330511}.Debug|Any CPU.ActiveCfg = Debug|Any CPU
		{98365304-B53D-4A09-91BB-A709BC330511}.Debug|Any CPU.Build.0 = Debug|Any CPU
		{98365304-B53D-4A09-91BB-A709BC330511}.Release|Any CPU.ActiveCfg = Release|Any CPU
		{98365304-B53D-4A09-91BB-A709BC330511}.Release|Any CPU.Build.0 = Release|Any CPU
	EndGlobalSection
	GlobalSection(SolutionProperties) = preSolution
		HideSolutionNode = FALSE
	EndGlobalSection
	GlobalSection(NestedProjects) = preSolution
		{98365304-B53D-4A09-91BB-A709BC330511} = {B669A725-70A9-4E80-BAC7-9765A14CAAA4}
	EndGlobalSection
	GlobalSection(ExtensibilityGlobals) = postSolution
		SolutionGuid = {0357313D-BD09-4C5D-AF0D-439B3BD33B5A}
	EndGlobalSection
EndGlobal
